
Microsoft Visual Studio Solution File, Format Version 12.00
Project("{FAE04EC0-301F-11D3-BF4B-00C04F79EFBC}") = "TaskList", "TaskList\TaskList.csproj", "{F399C267-24D8-40FC-BDEA-A2658AB1DE4F}"
EndProject
Project("{2150E333-8FDC-42A3-9474-1A3956D46DE8}") = "SolutionFiles", "SolutionFiles", "{DCB36901-FDF1-4674-808F-5061A787B41F}"
	ProjectSection(SolutionItems) = preProject
		..\.gitignore = ..\.gitignore
	EndProjectSection
EndProject
Project("{FAE04EC0-301F-11D3-BF4B-00C04F79EFBC}") = "TaskList.Tests", "TaskList.Tests\TaskList.Tests.csproj", "{A97DC271-6B87-40FB-AE77-24DFDAEA921F}"
EndProject
Global
	GlobalSection(SolutionConfigurationPlatforms) = preSolution
		Debug|Any CPU = Debug|Any CPU
		Release|Any CPU = Release|Any CPU
	EndGlobalSection
	GlobalSection(ProjectConfigurationPlatforms) = postSolution
		{F399C267-24D8-40FC-BDEA-A2658AB1DE4F}.Debug|Any CPU.ActiveCfg = Debug|Any CPU
		{F399C267-24D8-40FC-BDEA-A2658AB1DE4F}.Debug|Any CPU.Build.0 = Debug|Any CPU
		{F399C267-24D8-40FC-BDEA-A2658AB1DE4F}.Release|Any CPU.ActiveCfg = Release|Any CPU
		{F399C267-24D8-40FC-BDEA-A2658AB1DE4F}.Release|Any CPU.Build.0 = Release|Any CPU
		{A97DC271-6B87-40FB-AE77-24DFDAEA921F}.Debug|Any CPU.ActiveCfg = Debug|Any CPU
		{A97DC271-6B87-40FB-AE77-24DFDAEA921F}.Debug|Any CPU.Build.0 = Debug|Any CPU
		{A97DC271-6B87-40FB-AE77-24DFDAEA921F}.Release|Any CPU.ActiveCfg = Release|Any CPU
		{A97DC271-6B87-40FB-AE77-24DFDAEA921F}.Release|Any CPU.Build.0 = Release|Any CPU
	EndGlobalSection
EndGlobal
